// !$*UTF8*$!
{
	archiveVersion = 1;
	classes = {
	};
	objectVersion = 56;
	objects = {

/* Begin PBXBuildFile section */
		54E94DDF2C8B030D001B8053 /* Crypto_CoinApp.swift in Sources */ = {isa = PBXBuildFile; fileRef = 54E94DDE2C8B030D001B8053 /* Crypto_CoinApp.swift */; };
		54E94DE12C8B030D001B8053 /* ContentView.swift in Sources */ = {isa = PBXBuildFile; fileRef = 54E94DE02C8B030D001B8053 /* ContentView.swift */; };
		54E94DE32C8B030D001B8053 /* Assets.xcassets in Resources */ = {isa = PBXBuildFile; fileRef = 54E94DE22C8B030D001B8053 /* Assets.xcassets */; };
		54E94DE62C8B030D001B8053 /* Preview Assets.xcassets in Resources */ = {isa = PBXBuildFile; fileRef = 54E94DE52C8B030D001B8053 /* Preview Assets.xcassets */; };
		54E94DEE2C8B04A8001B8053 /* APIResponse.swift in Sources */ = {isa = PBXBuildFile; fileRef = 54E94DED2C8B04A8001B8053 /* APIResponse.swift */; };
		54E94DF32C8B0889001B8053 /* Mock.json in Resources */ = {isa = PBXBuildFile; fileRef = 54E94DF12C8B0889001B8053 /* Mock.json */; };
		54E94DF52C8C33AC001B8053 /* MockManager.swift in Sources */ = {isa = PBXBuildFile; fileRef = 54E94DF42C8C33AC001B8053 /* MockManager.swift */; };
		54E94DF72C8C43FE001B8053 /* TrendView.swift in Sources */ = {isa = PBXBuildFile; fileRef = 54E94DF62C8C43FE001B8053 /* TrendView.swift */; };
		54E94DF92C8C440E001B8053 /* SearchView.swift in Sources */ = {isa = PBXBuildFile; fileRef = 54E94DF82C8C440E001B8053 /* SearchView.swift */; };
		54E94DFB2C8C4463001B8053 /* FavoriteView.swift in Sources */ = {isa = PBXBuildFile; fileRef = 54E94DFA2C8C4463001B8053 /* FavoriteView.swift */; };
		54E94DFE2C8DCACA001B8053 /* CoinSearchMock.json in Resources */ = {isa = PBXBuildFile; fileRef = 54E94DFC2C8DCACA001B8053 /* CoinSearchMock.json */; };
		54E94E002C8DCADE001B8053 /* CoinSearchResponse.swift in Sources */ = {isa = PBXBuildFile; fileRef = 54E94DFF2C8DCADE001B8053 /* CoinSearchResponse.swift */; };
/* End PBXBuildFile section */

/* Begin PBXFileReference section */
		54E94DDB2C8B030D001B8053 /* Crypto Coin.app */ = {isa = PBXFileReference; explicitFileType = wrapper.application; includeInIndex = 0; path = "Crypto Coin.app"; sourceTree = BUILT_PRODUCTS_DIR; };
		54E94DDE2C8B030D001B8053 /* Crypto_CoinApp.swift */ = {isa = PBXFileReference; lastKnownFileType = sourcecode.swift; path = Crypto_CoinApp.swift; sourceTree = "<group>"; };
		54E94DE02C8B030D001B8053 /* ContentView.swift */ = {isa = PBXFileReference; lastKnownFileType = sourcecode.swift; path = ContentView.swift; sourceTree = "<group>"; };
		54E94DE22C8B030D001B8053 /* Assets.xcassets */ = {isa = PBXFileReference; lastKnownFileType = folder.assetcatalog; path = Assets.xcassets; sourceTree = "<group>"; };
		54E94DE52C8B030D001B8053 /* Preview Assets.xcassets */ = {isa = PBXFileReference; lastKnownFileType = folder.assetcatalog; path = "Preview Assets.xcassets"; sourceTree = "<group>"; };
		54E94DED2C8B04A8001B8053 /* APIResponse.swift */ = {isa = PBXFileReference; lastKnownFileType = sourcecode.swift; path = APIResponse.swift; sourceTree = "<group>"; };
		54E94DF22C8B0889001B8053 /* en */ = {isa = PBXFileReference; lastKnownFileType = text.json; name = en; path = en.lproj/Mock.json; sourceTree = "<group>"; };
		54E94DF42C8C33AC001B8053 /* MockManager.swift */ = {isa = PBXFileReference; lastKnownFileType = sourcecode.swift; path = MockManager.swift; sourceTree = "<group>"; };
		54E94DF62C8C43FE001B8053 /* TrendView.swift */ = {isa = PBXFileReference; lastKnownFileType = sourcecode.swift; path = TrendView.swift; sourceTree = "<group>"; };
		54E94DF82C8C440E001B8053 /* SearchView.swift */ = {isa = PBXFileReference; lastKnownFileType = sourcecode.swift; path = SearchView.swift; sourceTree = "<group>"; };
		54E94DFA2C8C4463001B8053 /* FavoriteView.swift */ = {isa = PBXFileReference; lastKnownFileType = sourcecode.swift; path = FavoriteView.swift; sourceTree = "<group>"; };
		54E94DFD2C8DCACA001B8053 /* en */ = {isa = PBXFileReference; lastKnownFileType = text.json; name = en; path = en.lproj/CoinSearchMock.json; sourceTree = "<group>"; };
		54E94DFF2C8DCADE001B8053 /* CoinSearchResponse.swift */ = {isa = PBXFileReference; lastKnownFileType = sourcecode.swift; path = CoinSearchResponse.swift; sourceTree = "<group>"; };
/* End PBXFileReference section */

/* Begin PBXFrameworksBuildPhase section */
		54E94DD82C8B030D001B8053 /* Frameworks */ = {
			isa = PBXFrameworksBuildPhase;
			buildActionMask = 2147483647;
			files = (
			);
			runOnlyForDeploymentPostprocessing = 0;
		};
/* End PBXFrameworksBuildPhase section */

/* Begin PBXGroup section */
		54E94DD22C8B030D001B8053 = {
			isa = PBXGroup;
			children = (
				54E94DDD2C8B030D001B8053 /* Crypto Coin */,
				54E94DDC2C8B030D001B8053 /* Products */,
			);
			sourceTree = "<group>";
		};
		54E94DDC2C8B030D001B8053 /* Products */ = {
			isa = PBXGroup;
			children = (
				54E94DDB2C8B030D001B8053 /* Crypto Coin.app */,
			);
			name = Products;
			sourceTree = "<group>";
		};
		54E94DDD2C8B030D001B8053 /* Crypto Coin */ = {
			isa = PBXGroup;
			children = (
				54E94DEC2C8B0462001B8053 /* NetworkResponse */,
				54E94DDE2C8B030D001B8053 /* Crypto_CoinApp.swift */,
				54E94DE02C8B030D001B8053 /* ContentView.swift */,
				54E94DF62C8C43FE001B8053 /* TrendView.swift */,
				54E94DF82C8C440E001B8053 /* SearchView.swift */,
				54E94DFA2C8C4463001B8053 /* FavoriteView.swift */,
				54E94DE22C8B030D001B8053 /* Assets.xcassets */,
				54E94DE42C8B030D001B8053 /* Preview Content */,
			);
			path = "Crypto Coin";
			sourceTree = "<group>";
		};
		54E94DE42C8B030D001B8053 /* Preview Content */ = {
			isa = PBXGroup;
			children = (
				54E94DE52C8B030D001B8053 /* Preview Assets.xcassets */,
			);
			path = "Preview Content";
			sourceTree = "<group>";
		};
		54E94DEC2C8B0462001B8053 /* NetworkResponse */ = {
			isa = PBXGroup;
			children = (
				54E94DED2C8B04A8001B8053 /* APIResponse.swift */,
				54E94DFF2C8DCADE001B8053 /* CoinSearchResponse.swift */,
				54E94DF12C8B0889001B8053 /* Mock.json */,
				54E94DFC2C8DCACA001B8053 /* CoinSearchMock.json */,
				54E94DF42C8C33AC001B8053 /* MockManager.swift */,
			);
			path = NetworkResponse;
			sourceTree = "<group>";
		};
/* End PBXGroup section */

/* Begin PBXNativeTarget section */
		54E94DDA2C8B030D001B8053 /* Crypto Coin */ = {
			isa = PBXNativeTarget;
			buildConfigurationList = 54E94DE92C8B030D001B8053 /* Build configuration list for PBXNativeTarget "Crypto Coin" */;
			buildPhases = (
				54E94DD72C8B030D001B8053 /* Sources */,
				54E94DD82C8B030D001B8053 /* Frameworks */,
				54E94DD92C8B030D001B8053 /* Resources */,
			);
			buildRules = (
			);
			dependencies = (
			);
			name = "Crypto Coin";
			productName = "Crypto Coin";
			productReference = 54E94DDB2C8B030D001B8053 /* Crypto Coin.app */;
			productType = "com.apple.product-type.application";
		};
/* End PBXNativeTarget section */

/* Begin PBXProject section */
		54E94DD32C8B030D001B8053 /* Project object */ = {
			isa = PBXProject;
			attributes = {
				BuildIndependentTargetsInParallel = 1;
				LastSwiftUpdateCheck = 1530;
				LastUpgradeCheck = 1530;
				TargetAttributes = {
					54E94DDA2C8B030D001B8053 = {
						CreatedOnToolsVersion = 15.3;
					};
				};
			};
			buildConfigurationList = 54E94DD62C8B030D001B8053 /* Build configuration list for PBXProject "Crypto Coin" */;
			compatibilityVersion = "Xcode 14.0";
			developmentRegion = en;
			hasScannedForEncodings = 0;
			knownRegions = (
				en,
				Base,
			);
			mainGroup = 54E94DD22C8B030D001B8053;
			productRefGroup = 54E94DDC2C8B030D001B8053 /* Products */;
			projectDirPath = "";
			projectRoot = "";
			targets = (
				54E94DDA2C8B030D001B8053 /* Crypto Coin */,
			);
		};
/* End PBXProject section */

/* Begin PBXResourcesBuildPhase section */
		54E94DD92C8B030D001B8053 /* Resources */ = {
			isa = PBXResourcesBuildPhase;
			buildActionMask = 2147483647;
			files = (
				54E94DFE2C8DCACA001B8053 /* CoinSearchMock.json in Resources */,
				54E94DF32C8B0889001B8053 /* Mock.json in Resources */,
				54E94DE62C8B030D001B8053 /* Preview Assets.xcassets in Resources */,
				54E94DE32C8B030D001B8053 /* Assets.xcassets in Resources */,
			);
			runOnlyForDeploymentPostprocessing = 0;
		};
/* End PBXResourcesBuildPhase section */

/* Begin PBXSourcesBuildPhase section */
		54E94DD72C8B030D001B8053 /* Sources */ = {
			isa = PBXSourcesBuildPhase;
			buildActionMask = 2147483647;
			files = (
				54E94DE12C8B030D001B8053 /* ContentView.swift in Sources */,
				54E94E002C8DCADE001B8053 /* CoinSearchResponse.swift in Sources */,
				54E94DF52C8C33AC001B8053 /* MockManager.swift in Sources */,
				54E94DFB2C8C4463001B8053 /* FavoriteView.swift in Sources */,
				54E94DF72C8C43FE001B8053 /* TrendView.swift in Sources */,
				54E94DDF2C8B030D001B8053 /* Crypto_CoinApp.swift in Sources */,
				54E94DF92C8C440E001B8053 /* SearchView.swift in Sources */,
				54E94DEE2C8B04A8001B8053 /* APIResponse.swift in Sources */,
			);
			runOnlyForDeploymentPostprocessing = 0;
		};
/* End PBXSourcesBuildPhase section */

/* Begin PBXVariantGroup section */
		54E94DF12C8B0889001B8053 /* Mock.json */ = {
			isa = PBXVariantGroup;
			children = (
				54E94DF22C8B0889001B8053 /* en */,
			);
			name = Mock.json;
			sourceTree = "<group>";
		};
		54E94DFC2C8DCACA001B8053 /* CoinSearchMock.json */ = {
			isa = PBXVariantGroup;
			children = (
				54E94DFD2C8DCACA001B8053 /* en */,
			);
			name = CoinSearchMock.json;
			sourceTree = "<group>";
		};
/* End PBXVariantGroup section */

/* Begin XCBuildConfiguration section */
		54E94DE72C8B030D001B8053 /* Debug */ = {
			isa = XCBuildConfiguration;
			buildSettings = {
				ALWAYS_SEARCH_USER_PATHS = NO;
				ASSETCATALOG_COMPILER_GENERATE_SWIFT_ASSET_SYMBOL_EXTENSIONS = YES;
				CLANG_ANALYZER_NONNULL = YES;
				CLANG_ANALYZER_NUMBER_OBJECT_CONVERSION = YES_AGGRESSIVE;
				CLANG_CXX_LANGUAGE_STANDARD = "gnu++20";
				CLANG_ENABLE_MODULES = YES;
				CLANG_ENABLE_OBJC_ARC = YES;
				CLANG_ENABLE_OBJC_WEAK = YES;
				CLANG_WARN_BLOCK_CAPTURE_AUTORELEASING = YES;
				CLANG_WARN_BOOL_CONVERSION = YES;
				CLANG_WARN_COMMA = YES;
				CLANG_WARN_CONSTANT_CONVERSION = YES;
				CLANG_WARN_DEPRECATED_OBJC_IMPLEMENTATIONS = YES;
				CLANG_WARN_DIRECT_OBJC_ISA_USAGE = YES_ERROR;
				CLANG_WARN_DOCUMENTATION_COMMENTS = YES;
				CLANG_WARN_EMPTY_BODY = YES;
				CLANG_WARN_ENUM_CONVERSION = YES;
				CLANG_WARN_INFINITE_RECURSION = YES;
				CLANG_WARN_INT_CONVERSION = YES;
				CLANG_WARN_NON_LITERAL_NULL_CONVERSION = YES;
				CLANG_WARN_OBJC_IMPLICIT_RETAIN_SELF = YES;
				CLANG_WARN_OBJC_LITERAL_CONVERSION = YES;
				CLANG_WARN_OBJC_ROOT_CLASS = YES_ERROR;
				CLANG_WARN_QUOTED_INCLUDE_IN_FRAMEWORK_HEADER = YES;
				CLANG_WARN_RANGE_LOOP_ANALYSIS = YES;
				CLANG_WARN_STRICT_PROTOTYPES = YES;
				CLANG_WARN_SUSPICIOUS_MOVE = YES;
				CLANG_WARN_UNGUARDED_AVAILABILITY = YES_AGGRESSIVE;
				CLANG_WARN_UNREACHABLE_CODE = YES;
				CLANG_WARN__DUPLICATE_METHOD_MATCH = YES;
				COPY_PHASE_STRIP = NO;
				DEBUG_INFORMATION_FORMAT = dwarf;
				ENABLE_STRICT_OBJC_MSGSEND = YES;
				ENABLE_TESTABILITY = YES;
				ENABLE_USER_SCRIPT_SANDBOXING = YES;
				GCC_C_LANGUAGE_STANDARD = gnu17;
				GCC_DYNAMIC_NO_PIC = NO;
				GCC_NO_COMMON_BLOCKS = YES;
				GCC_OPTIMIZATION_LEVEL = 0;
				GCC_PREPROCESSOR_DEFINITIONS = (
					"DEBUG=1",
					"$(inherited)",
				);
				GCC_WARN_64_TO_32_BIT_CONVERSION = YES;
				GCC_WARN_ABOUT_RETURN_TYPE = YES_ERROR;
				GCC_WARN_UNDECLARED_SELECTOR = YES;
				GCC_WARN_UNINITIALIZED_AUTOS = YES_AGGRESSIVE;
				GCC_WARN_UNUSED_FUNCTION = YES;
				GCC_WARN_UNUSED_VARIABLE = YES;
				IPHONEOS_DEPLOYMENT_TARGET = 17.4;
				LOCALIZATION_PREFERS_STRING_CATALOGS = YES;
				MTL_ENABLE_DEBUG_INFO = INCLUDE_SOURCE;
				MTL_FAST_MATH = YES;
				ONLY_ACTIVE_ARCH = YES;
				SDKROOT = iphoneos;
				SWIFT_ACTIVE_COMPILATION_CONDITIONS = "DEBUG $(inherited)";
				SWIFT_OPTIMIZATION_LEVEL = "-Onone";
			};
			name = Debug;
		};
		54E94DE82C8B030D001B8053 /* Release */ = {
			isa = XCBuildConfiguration;
			buildSettings = {
				ALWAYS_SEARCH_USER_PATHS = NO;
				ASSETCATALOG_COMPILER_GENERATE_SWIFT_ASSET_SYMBOL_EXTENSIONS = YES;
				CLANG_ANALYZER_NONNULL = YES;
				CLANG_ANALYZER_NUMBER_OBJECT_CONVERSION = YES_AGGRESSIVE;
				CLANG_CXX_LANGUAGE_STANDARD = "gnu++20";
				CLANG_ENABLE_MODULES = YES;
				CLANG_ENABLE_OBJC_ARC = YES;
				CLANG_ENABLE_OBJC_WEAK = YES;
				CLANG_WARN_BLOCK_CAPTURE_AUTORELEASING = YES;
				CLANG_WARN_BOOL_CONVERSION = YES;
				CLANG_WARN_COMMA = YES;
				CLANG_WARN_CONSTANT_CONVERSION = YES;
				CLANG_WARN_DEPRECATED_OBJC_IMPLEMENTATIONS = YES;
				CLANG_WARN_DIRECT_OBJC_ISA_USAGE = YES_ERROR;
				CLANG_WARN_DOCUMENTATION_COMMENTS = YES;
				CLANG_WARN_EMPTY_BODY = YES;
				CLANG_WARN_ENUM_CONVERSION = YES;
				CLANG_WARN_INFINITE_RECURSION = YES;
				CLANG_WARN_INT_CONVERSION = YES;
				CLANG_WARN_NON_LITERAL_NULL_CONVERSION = YES;
				CLANG_WARN_OBJC_IMPLICIT_RETAIN_SELF = YES;
				CLANG_WARN_OBJC_LITERAL_CONVERSION = YES;
				CLANG_WARN_OBJC_ROOT_CLASS = YES_ERROR;
				CLANG_WARN_QUOTED_INCLUDE_IN_FRAMEWORK_HEADER = YES;
				CLANG_WARN_RANGE_LOOP_ANALYSIS = YES;
				CLANG_WARN_STRICT_PROTOTYPES = YES;
				CLANG_WARN_SUSPICIOUS_MOVE = YES;
				CLANG_WARN_UNGUARDED_AVAILABILITY = YES_AGGRESSIVE;
				CLANG_WARN_UNREACHABLE_CODE = YES;
				CLANG_WARN__DUPLICATE_METHOD_MATCH = YES;
				COPY_PHASE_STRIP = NO;
				DEBUG_INFORMATION_FORMAT = "dwarf-with-dsym";
				ENABLE_NS_ASSERTIONS = NO;
				ENABLE_STRICT_OBJC_MSGSEND = YES;
				ENABLE_USER_SCRIPT_SANDBOXING = YES;
				GCC_C_LANGUAGE_STANDARD = gnu17;
				GCC_NO_COMMON_BLOCKS = YES;
				GCC_WARN_64_TO_32_BIT_CONVERSION = YES;
				GCC_WARN_ABOUT_RETURN_TYPE = YES_ERROR;
				GCC_WARN_UNDECLARED_SELECTOR = YES;
				GCC_WARN_UNINITIALIZED_AUTOS = YES_AGGRESSIVE;
				GCC_WARN_UNUSED_FUNCTION = YES;
				GCC_WARN_UNUSED_VARIABLE = YES;
				IPHONEOS_DEPLOYMENT_TARGET = 17.4;
				LOCALIZATION_PREFERS_STRING_CATALOGS = YES;
				MTL_ENABLE_DEBUG_INFO = NO;
				MTL_FAST_MATH = YES;
				SDKROOT = iphoneos;
				SWIFT_COMPILATION_MODE = wholemodule;
				VALIDATE_PRODUCT = YES;
			};
			name = Release;
		};
		54E94DEA2C8B030D001B8053 /* Debug */ = {
			isa = XCBuildConfiguration;
			buildSettings = {
				ASSETCATALOG_COMPILER_APPICON_NAME = AppIcon;
				ASSETCATALOG_COMPILER_GLOBAL_ACCENT_COLOR_NAME = AccentColor;
				CODE_SIGN_STYLE = Automatic;
				CURRENT_PROJECT_VERSION = 1;
				DEVELOPMENT_ASSET_PATHS = "\"Crypto Coin/Preview Content\"";
				DEVELOPMENT_TEAM = 82M3Y9RKT2;
				ENABLE_PREVIEWS = YES;
				GENERATE_INFOPLIST_FILE = YES;
				INFOPLIST_KEY_UIApplicationSceneManifest_Generation = YES;
				INFOPLIST_KEY_UIApplicationSupportsIndirectInputEvents = YES;
				INFOPLIST_KEY_UILaunchScreen_Generation = YES;
				INFOPLIST_KEY_UISupportedInterfaceOrientations_iPad = "UIInterfaceOrientationPortrait UIInterfaceOrientationPortraitUpsideDown UIInterfaceOrientationLandscapeLeft UIInterfaceOrientationLandscapeRight";
				INFOPLIST_KEY_UISupportedInterfaceOrientations_iPhone = "UIInterfaceOrientationPortrait UIInterfaceOrientationLandscapeLeft UIInterfaceOrientationLandscapeRight";
				LD_RUNPATH_SEARCH_PATHS = (
					"$(inherited)",
					"@executable_path/Frameworks",
				);
				MARKETING_VERSION = 1.0;
				PRODUCT_BUNDLE_IDENTIFIER = "com.lcho3878.Crypto-Coin";
				PRODUCT_NAME = "$(TARGET_NAME)";
				SWIFT_EMIT_LOC_STRINGS = YES;
				SWIFT_VERSION = 5.0;
				TARGETED_DEVICE_FAMILY = "1,2";
			};
			name = Debug;
		};
		54E94DEB2C8B030D001B8053 /* Release */ = {
			isa = XCBuildConfiguration;
			buildSettings = {
				ASSETCATALOG_COMPILER_APPICON_NAME = AppIcon;
				ASSETCATALOG_COMPILER_GLOBAL_ACCENT_COLOR_NAME = AccentColor;
				CODE_SIGN_STYLE = Automatic;
				CURRENT_PROJECT_VERSION = 1;
				DEVELOPMENT_ASSET_PATHS = "\"Crypto Coin/Preview Content\"";
				DEVELOPMENT_TEAM = 82M3Y9RKT2;
				ENABLE_PREVIEWS = YES;
				GENERATE_INFOPLIST_FILE = YES;
				INFOPLIST_KEY_UIApplicationSceneManifest_Generation = YES;
				INFOPLIST_KEY_UIApplicationSupportsIndirectInputEvents = YES;
				INFOPLIST_KEY_UILaunchScreen_Generation = YES;
				INFOPLIST_KEY_UISupportedInterfaceOrientations_iPad = "UIInterfaceOrientationPortrait UIInterfaceOrientationPortraitUpsideDown UIInterfaceOrientationLandscapeLeft UIInterfaceOrientationLandscapeRight";
				INFOPLIST_KEY_UISupportedInterfaceOrientations_iPhone = "UIInterfaceOrientationPortrait UIInterfaceOrientationLandscapeLeft UIInterfaceOrientationLandscapeRight";
				LD_RUNPATH_SEARCH_PATHS = (
					"$(inherited)",
					"@executable_path/Frameworks",
				);
				MARKETING_VERSION = 1.0;
				PRODUCT_BUNDLE_IDENTIFIER = "com.lcho3878.Crypto-Coin";
				PRODUCT_NAME = "$(TARGET_NAME)";
				SWIFT_EMIT_LOC_STRINGS = YES;
				SWIFT_VERSION = 5.0;
				TARGETED_DEVICE_FAMILY = "1,2";
			};
			name = Release;
		};
/* End XCBuildConfiguration section */

/* Begin XCConfigurationList section */
		54E94DD62C8B030D001B8053 /* Build configuration list for PBXProject "Crypto Coin" */ = {
			isa = XCConfigurationList;
			buildConfigurations = (
				54E94DE72C8B030D001B8053 /* Debug */,
				54E94DE82C8B030D001B8053 /* Release */,
			);
			defaultConfigurationIsVisible = 0;
			defaultConfigurationName = Release;
		};
		54E94DE92C8B030D001B8053 /* Build configuration list for PBXNativeTarget "Crypto Coin" */ = {
			isa = XCConfigurationList;
			buildConfigurations = (
				54E94DEA2C8B030D001B8053 /* Debug */,
				54E94DEB2C8B030D001B8053 /* Release */,
			);
			defaultConfigurationIsVisible = 0;
			defaultConfigurationName = Release;
		};
/* End XCConfigurationList section */
	};
	rootObject = 54E94DD32C8B030D001B8053 /* Project object */;
}
